
Microsoft Visual Studio Solution File, Format Version 12.00
# Visual Studio Version 17
VisualStudioVersion = 17.3.32819.101
MinimumVisualStudioVersion = 10.0.40219.1
Project("{FAE04EC0-301F-11D3-BF4B-00C04F79EFBC}") = "AccountingForVacanciesAndJobSeekers", "AccountingForVacanciesAndJobSeekers\AccountingForVacanciesAndJobSeekers.csproj", "{0D9D08E6-EC68-4BB1-A751-02D5735DC060}"
EndProject
Global
	GlobalSection(SolutionConfigurationPlatforms) = preSolution
		Debug|Any CPU = Debug|Any CPU
		Release|Any CPU = Release|Any CPU
	EndGlobalSection
	GlobalSection(ProjectConfigurationPlatforms) = postSolution
		{0D9D08E6-EC68-4BB1-A751-02D5735DC060}.Debug|Any CPU.ActiveCfg = Debug|Any CPU
		{0D9D08E6-EC68-4BB1-A751-02D5735DC060}.Debug|Any CPU.Build.0 = Debug|Any CPU
		{0D9D08E6-EC68-4BB1-A751-02D5735DC060}.Release|Any CPU.ActiveCfg = Release|Any CPU
		{0D9D08E6-EC68-4BB1-A751-02D5735DC060}.Release|Any CPU.Build.0 = Release|Any CPU
	EndGlobalSection
	GlobalSection(SolutionProperties) = preSolution
		HideSolutionNode = FALSE
	EndGlobalSection
	GlobalSection(ExtensibilityGlobals) = postSolution
		SolutionGuid = {4A5CAF6E-E41A-4A30-893D-00153041D689}
	EndGlobalSection
EndGlobal
